
Microsoft Visual Studio Solution File, Format Version 12.00
Project("{FAE04EC0-301F-11D3-BF4B-00C04F79EFBC}") = "4legacy.MigrationTool.Core", "4legacy.MigrationTool.Core\4legacy.MigrationTool.Core.csproj", "{2D7D87D3-F7A0-4538-96F6-2B90CCC70DDC}"
EndProject
Project("{FAE04EC0-301F-11D3-BF4B-00C04F79EFBC}") = "4legacy.MigrationTool.UnitTests", "4legacy.MigrationTool.UnitTests\4legacy.MigrationTool.UnitTests.csproj", "{EED32479-2E5E-4D7B-A913-5F88FA104CA4}"
EndProject
Project("{FAE04EC0-301F-11D3-BF4B-00C04F79EFBC}") = "4Legacy.MigrationTool.Cli", "4Legacy.MigrationTool.Cli\4Legacy.MigrationTool.Cli.csproj", "{ED06FC9F-A9E2-42E3-8F2D-5E2F7B2F6D31}"
EndProject
Project("{FAE04EC0-301F-11D3-BF4B-00C04F79EFBC}") = "4legacy.MigrationTool.IntegrationTests", "4legacy.MigrationTool.IntegrationTests\4legacy.MigrationTool.IntegrationTests.csproj", "{CF04D79E-7C3B-49FB-A6FF-F94F0227A8A4}"
EndProject
Global
	GlobalSection(SolutionConfigurationPlatforms) = preSolution
		Debug|Any CPU = Debug|Any CPU
		Release|Any CPU = Release|Any CPU
	EndGlobalSection
	GlobalSection(ProjectConfigurationPlatforms) = postSolution
		{2D7D87D3-F7A0-4538-96F6-2B90CCC70DDC}.Debug|Any CPU.ActiveCfg = Debug|Any CPU
		{2D7D87D3-F7A0-4538-96F6-2B90CCC70DDC}.Debug|Any CPU.Build.0 = Debug|Any CPU
		{2D7D87D3-F7A0-4538-96F6-2B90CCC70DDC}.Release|Any CPU.ActiveCfg = Release|Any CPU
		{2D7D87D3-F7A0-4538-96F6-2B90CCC70DDC}.Release|Any CPU.Build.0 = Release|Any CPU
		{EED32479-2E5E-4D7B-A913-5F88FA104CA4}.Debug|Any CPU.ActiveCfg = Debug|Any CPU
		{EED32479-2E5E-4D7B-A913-5F88FA104CA4}.Debug|Any CPU.Build.0 = Debug|Any CPU
		{EED32479-2E5E-4D7B-A913-5F88FA104CA4}.Release|Any CPU.ActiveCfg = Release|Any CPU
		{EED32479-2E5E-4D7B-A913-5F88FA104CA4}.Release|Any CPU.Build.0 = Release|Any CPU
		{ED06FC9F-A9E2-42E3-8F2D-5E2F7B2F6D31}.Debug|Any CPU.ActiveCfg = Debug|Any CPU
		{ED06FC9F-A9E2-42E3-8F2D-5E2F7B2F6D31}.Debug|Any CPU.Build.0 = Debug|Any CPU
		{ED06FC9F-A9E2-42E3-8F2D-5E2F7B2F6D31}.Release|Any CPU.ActiveCfg = Release|Any CPU
		{ED06FC9F-A9E2-42E3-8F2D-5E2F7B2F6D31}.Release|Any CPU.Build.0 = Release|Any CPU
		{CF04D79E-7C3B-49FB-A6FF-F94F0227A8A4}.Debug|Any CPU.ActiveCfg = Debug|Any CPU
		{CF04D79E-7C3B-49FB-A6FF-F94F0227A8A4}.Debug|Any CPU.Build.0 = Debug|Any CPU
		{CF04D79E-7C3B-49FB-A6FF-F94F0227A8A4}.Release|Any CPU.ActiveCfg = Release|Any CPU
		{CF04D79E-7C3B-49FB-A6FF-F94F0227A8A4}.Release|Any CPU.Build.0 = Release|Any CPU
	EndGlobalSection
EndGlobal
